
Microsoft Visual Studio Solution File, Format Version 12.00
Project("{FAE04EC0-301F-11D3-BF4B-00C04F79EFBC}") = "Library", "Library\Library.csproj", "{451C346F-8B2E-4D59-AE65-2178E2488CDC}"
EndProject
Project("{2150E333-8FDC-42A3-9474-1A3956D46DE8}") = "itens", "itens", "{D40A9A62-1E91-4EDD-9921-8E4314AE7035}"
	ProjectSection(SolutionItems) = preProject
		LICENSE = LICENSE
		README.md = README.md
		.gitignore = .gitignore
	EndProjectSection
EndProject
Global
	GlobalSection(SolutionConfigurationPlatforms) = preSolution
		Debug|Any CPU = Debug|Any CPU
		Release|Any CPU = Release|Any CPU
	EndGlobalSection
	GlobalSection(ProjectConfigurationPlatforms) = postSolution
		{451C346F-8B2E-4D59-AE65-2178E2488CDC}.Debug|Any CPU.ActiveCfg = Debug|Any CPU
		{451C346F-8B2E-4D59-AE65-2178E2488CDC}.Debug|Any CPU.Build.0 = Debug|Any CPU
		{451C346F-8B2E-4D59-AE65-2178E2488CDC}.Release|Any CPU.ActiveCfg = Release|Any CPU
		{451C346F-8B2E-4D59-AE65-2178E2488CDC}.Release|Any CPU.Build.0 = Release|Any CPU
		{451C346F-8B2E-4D59-AE65-2178E2488CDC}.Release|Any CPU.Deploy.0 = Release|Any CPU
	EndGlobalSection
EndGlobal
